
Microsoft Visual Studio Solution File, Format Version 12.00
# Visual Studio Version 16
VisualStudioVersion = 16.0.30907.101
MinimumVisualStudioVersion = 10.0.40219.1
Project("{FAE04EC0-301F-11D3-BF4B-00C04F79EFBC}") = "WindowsFormsApp1", "WindowsFormsApp1\WindowsFormsApp1.csproj", "{308C95C6-D3F2-4063-8141-9A975A6099AB}"
EndProject
Global
	GlobalSection(SolutionConfigurationPlatforms) = preSolution
		Debug|Any CPU = Debug|Any CPU
		Release|Any CPU = Release|Any CPU
	EndGlobalSection
	GlobalSection(ProjectConfigurationPlatforms) = postSolution
		{308C95C6-D3F2-4063-8141-9A975A6099AB}.Debug|Any CPU.ActiveCfg = Debug|Any CPU
		{308C95C6-D3F2-4063-8141-9A975A6099AB}.Debug|Any CPU.Build.0 = Debug|Any CPU
		{308C95C6-D3F2-4063-8141-9A975A6099AB}.Release|Any CPU.ActiveCfg = Release|Any CPU
		{308C95C6-D3F2-4063-8141-9A975A6099AB}.Release|Any CPU.Build.0 = Release|Any CPU
	EndGlobalSection
	GlobalSection(SolutionProperties) = preSolution
		HideSolutionNode = FALSE
	EndGlobalSection
	GlobalSection(ExtensibilityGlobals) = postSolution
		SolutionGuid = {B441F512-2921-4B22-BECB-3308D4F178F9}
	EndGlobalSection
EndGlobal
